
Microsoft Visual Studio Solution File, Format Version 12.00
# Visual Studio Version 16
VisualStudioVersion = 16.0.29209.62
MinimumVisualStudioVersion = 10.0.40219.1
Project("{FAE04EC0-301F-11D3-BF4B-00C04F79EFBC}") = "Email", "Email\Email.csproj", "{B08CDEEF-551C-4733-B05E-07685938C4F9}"
EndProject
Global
	GlobalSection(SolutionConfigurationPlatforms) = preSolution
		Debug|Any CPU = Debug|Any CPU
		Release|Any CPU = Release|Any CPU
	EndGlobalSection
	GlobalSection(ProjectConfigurationPlatforms) = postSolution
		{B08CDEEF-551C-4733-B05E-07685938C4F9}.Debug|Any CPU.ActiveCfg = Debug|Any CPU
		{B08CDEEF-551C-4733-B05E-07685938C4F9}.Debug|Any CPU.Build.0 = Debug|Any CPU
		{B08CDEEF-551C-4733-B05E-07685938C4F9}.Release|Any CPU.ActiveCfg = Release|Any CPU
		{B08CDEEF-551C-4733-B05E-07685938C4F9}.Release|Any CPU.Build.0 = Release|Any CPU
	EndGlobalSection
	GlobalSection(SolutionProperties) = preSolution
		HideSolutionNode = FALSE
	EndGlobalSection
	GlobalSection(ExtensibilityGlobals) = postSolution
		SolutionGuid = {E88B7E1F-3A99-4694-91F6-F09718C6F4A5}
	EndGlobalSection
EndGlobal
